<?xml version="1.0" encoding="UTF-8" standalone="yes" ?>
<CodeBlocks_project_file>
	<FileVersion major="1" minor="6" />
	<Project>
		<Option title="LinuxCode" />
		<Option pch_mode="2" />
		<Option compiler="gcc" />
		<Build>
			<Target title="Debug">
				<Option output="bin/Debug/LinuxCode" prefix_auto="1" extension_auto="1" />
				<Option object_output="obj/Debug/" />
				<Option type="1" />
				<Option compiler="gcc" />
				<Compiler>
					<Add option="-g" />
				</Compiler>
			</Target>
			<Target title="Release">
				<Option output="bin/Release/LinuxCode" prefix_auto="1" extension_auto="1" />
				<Option object_output="obj/Release/" />
				<Option type="1" />
				<Option compiler="gcc" />
				<Compiler>
					<Add option="-O2" />
				</Compiler>
				<Linker>
					<Add option="-s" />
				</Linker>
			</Target>
		</Build>
		<Compiler>
			<Add option="-Wall" />
			<Add option="-fexceptions" />
		</Compiler>
		<Unit filename="Agent/AgentFactory.cpp" />
		<Unit filename="Agent/AgentFactory.h" />
		<Unit filename="Agent/AgentMain.cpp" />
		<Unit filename="Agent/AgentServer.cpp" />
		<Unit filename="Agent/AgentServer.h" />
		<Unit filename="Agent/GameSession.cpp" />
		<Unit filename="Agent/GameSession.h" />
		<Unit filename="Agent/Handler_CalledBank.cpp" />
		<Unit filename="Agent/Handler_CalledLicense.cpp" />
		<Unit filename="Agent/Handler_CalledOvertime.cpp" />
		<Unit filename="Agent/Handler_CreateBank.cpp" />
		<Unit filename="Agent/Handler_DRankInfo.cpp" />
		<Unit filename="Agent/Handler_Discard.cpp" />
		<Unit filename="Agent/Handler_DiscardsLicense.cpp" />
		<Unit filename="Agent/Handler_DiscardsOvertime.cpp" />
		<Unit filename="Agent/Handler_GamePacket.cpp" />
		<Unit filename="Agent/Handler_InitCards.cpp" />
		<Unit filename="Agent/Handler_JoinGame.cpp" />
		<Unit filename="Agent/Handler_JoinTable.cpp" />
		<Unit filename="Agent/Handler_Login.cpp" />
		<Unit filename="Agent/Handler_Logout.cpp" />
		<Unit filename="Agent/Handler_Module.h" />
		<Unit filename="Agent/Handler_Offline.cpp" />
		<Unit filename="Agent/Handler_Onlines.cpp" />
		<Unit filename="Agent/Handler_QuitGame.cpp" />
		<Unit filename="Agent/Handler_QuitTable.cpp" />
		<Unit filename="Agent/Handler_Relogin.cpp" />
		<Unit filename="Agent/Handler_RoomInfo.cpp" />
		<Unit filename="Agent/Handler_Settlement.cpp" />
		<Unit filename="Agent/Handler_Showcards.cpp" />
		<Unit filename="Agent/Handler_StartGame.cpp" />
		<Unit filename="Agent/Handler_TableInfo.cpp" />
		<Unit filename="Agent/Handler_Trusteeship.cpp" />
		<Unit filename="Agent/Handler_WRankInfo.cpp" />
		<Unit filename="Agent/LobbySession.cpp" />
		<Unit filename="Agent/LobbySession.h" />
		<Unit filename="Agent/PacketHandler.cpp" />
		<Unit filename="Agent/PacketHandler.h" />
		<Unit filename="Agent/ServerSession.cpp" />
		<Unit filename="Agent/ServerSession.h" />
		<Unit filename="Agent/TempSession.cpp" />
		<Unit filename="Agent/TempSession.h" />
		<Unit filename="Agent/UserGame.cpp" />
		<Unit filename="Agent/UserGame.h" />
		<Unit filename="Agent/UserSession.cpp" />
		<Unit filename="Agent/UserSession.h" />
		<Unit filename="Cnpoker/AgentSession.cpp" />
		<Unit filename="Cnpoker/AgentSession.h" />
		<Unit filename="Cnpoker/CnpokerFactory.cpp" />
		<Unit filename="Cnpoker/CnpokerFactory.h" />
		<Unit filename="Cnpoker/CnpokerMain.cpp" />
		<Unit filename="Cnpoker/CnpokerServer.cpp" />
		<Unit filename="Cnpoker/CnpokerServer.h" />
		<Unit filename="Cnpoker/DBSession.cpp" />
		<Unit filename="Cnpoker/DBSession.h" />
		<Unit filename="Cnpoker/GameBattle.cpp" />
		<Unit filename="Cnpoker/GameBattle.h" />
		<Unit filename="Cnpoker/GameMgr.cpp" />
		<Unit filename="Cnpoker/GameMgr.h" />
		<Unit filename="Cnpoker/GamePoker.cpp" />
		<Unit filename="Cnpoker/GamePoker.h" />
		<Unit filename="Cnpoker/Handler_CalledBank.cpp" />
		<Unit filename="Cnpoker/Handler_CalledLicense.cpp" />
		<Unit filename="Cnpoker/Handler_CreateBank.cpp" />
		<Unit filename="Cnpoker/Handler_Discard.cpp" />
		<Unit filename="Cnpoker/Handler_DiscardsLicense.cpp" />
		<Unit filename="Cnpoker/Handler_InitCards.cpp" />
		<Unit filename="Cnpoker/Handler_JoinGame.cpp" />
		<Unit filename="Cnpoker/Handler_Module.h" />
		<Unit filename="Cnpoker/Handler_Offline.cpp" />
		<Unit filename="Cnpoker/Handler_QuitGame.cpp" />
		<Unit filename="Cnpoker/Handler_Relogin.cpp" />
		<Unit filename="Cnpoker/Handler_Settlement.cpp" />
		<Unit filename="Cnpoker/Handler_Showcards.cpp" />
		<Unit filename="Cnpoker/Handler_StartGame.cpp" />
		<Unit filename="Cnpoker/Handler_Trusteeship.cpp" />
		<Unit filename="Cnpoker/PacketHandler.cpp" />
		<Unit filename="Cnpoker/PacketHandler.h" />
		<Unit filename="Cnpoker/ServerSession.cpp" />
		<Unit filename="Cnpoker/ServerSession.h" />
		<Unit filename="Cnpoker/TempSession.cpp" />
		<Unit filename="Cnpoker/TempSession.h" />
		<Unit filename="Common/CircuitQueue.h" />
		<Unit filename="Common/CommStruct.h" />
		<Unit filename="Common/Common.h" />
		<Unit filename="Common/Const.h" />
		<Unit filename="Common/Define.h" />
		<Unit filename="Common/PackageStruct.h" />
		<Unit filename="Common/PackageStruct_Connect.h" />
		<Unit filename="Common/PackageStruct_Game.h" />
		<Unit filename="Common/PackageStruct_Login.h" />
		<Unit filename="Common/PackageStruct_Update.h" />
		<Unit filename="Common/Protocol.h" />
		<Unit filename="Common/Protocol_Connect.h" />
		<Unit filename="Common/Protocol_Errors.h" />
		<Unit filename="Common/Protocol_Game.h" />
		<Unit filename="Common/Protocol_Login.h" />
		<Unit filename="Common/Protocol_Update.h" />
		<Unit filename="DB/DBFactory.cpp" />
		<Unit filename="DB/DBFactory.h" />
		<Unit filename="DB/DBMain.cpp" />
		<Unit filename="DB/DBServer.cpp" />
		<Unit filename="DB/DBServer.h" />
		<Unit filename="DB/GameSession.cpp" />
		<Unit filename="DB/GameSession.h" />
		<Unit filename="DB/Handler_CalledBank.cpp" />
		<Unit filename="DB/Handler_DRankInfo.cpp" />
		<Unit filename="DB/Handler_Discard.cpp" />
		<Unit filename="DB/Handler_GamePacket.cpp" />
		<Unit filename="DB/Handler_JoinGame.cpp" />
		<Unit filename="DB/Handler_JoinTable.cpp" />
		<Unit filename="DB/Handler_Login.cpp" />
		<Unit filename="DB/Handler_Logout.cpp" />
		<Unit filename="DB/Handler_Module.h" />
		<Unit filename="DB/Handler_Onlines.cpp" />
		<Unit filename="DB/Handler_PreLogin.cpp" />
		<Unit filename="DB/Handler_QuitGame.cpp" />
		<Unit filename="DB/Handler_QuitTable.cpp" />
		<Unit filename="DB/Handler_Relogin.cpp" />
		<Unit filename="DB/Handler_RoomInfo.cpp" />
		<Unit filename="DB/Handler_Settlement.cpp" />
		<Unit filename="DB/Handler_TableInfo.cpp" />
		<Unit filename="DB/Handler_UpdateBattle.cpp" />
		<Unit filename="DB/Handler_WRankInfo.cpp" />
		<Unit filename="DB/LobbySession.cpp" />
		<Unit filename="DB/LobbySession.h" />
		<Unit filename="DB/LoginSession.cpp" />
		<Unit filename="DB/LoginSession.h" />
		<Unit filename="DB/PacketHandler.cpp" />
		<Unit filename="DB/PacketHandler.h" />
		<Unit filename="DB/ServerSession.cpp" />
		<Unit filename="DB/ServerSession.h" />
		<Unit filename="DB/TempSession.cpp" />
		<Unit filename="DB/TempSession.h" />
		<Unit filename="HyMysql/HyDatabase.cpp" />
		<Unit filename="HyMysql/HyDatabase.h" />
		<Unit filename="HyMysql/HyDatabaseDefine.h" />
		<Unit filename="HyMysql/IDBCInterface.cpp" />
		<Unit filename="HyMysql/IDBCInterface.h" />
		<Unit filename="HyMysql/IMysql.cpp" />
		<Unit filename="HyMysql/IMysql.h" />
		<Unit filename="HyMysql/QueryExecuteProcessor.cpp" />
		<Unit filename="HyMysql/QueryExecuteProcessor.h" />
		<Unit filename="HyMysql/QueryFactoryDefine.h" />
		<Unit filename="HyMysql/QueryResult.cpp" />
		<Unit filename="HyMysql/QueryResult.h" />
		<Unit filename="HyMysql/dbCommon.h" />
		<Unit filename="Lobby/AgentSession.cpp" />
		<Unit filename="Lobby/AgentSession.h" />
		<Unit filename="Lobby/DBSession.cpp" />
		<Unit filename="Lobby/DBSession.h" />
		<Unit filename="Lobby/Handler_DRankInfo.cpp" />
		<Unit filename="Lobby/Handler_GamePacket.cpp" />
		<Unit filename="Lobby/Handler_JoinTable.cpp" />
		<Unit filename="Lobby/Handler_Login.cpp" />
		<Unit filename="Lobby/Handler_Logout.cpp" />
		<Unit filename="Lobby/Handler_Module.h" />
		<Unit filename="Lobby/Handler_Onlines.cpp" />
		<Unit filename="Lobby/Handler_QuitTable.cpp" />
		<Unit filename="Lobby/Handler_Relogin.cpp" />
		<Unit filename="Lobby/Handler_RoomInfo.cpp" />
		<Unit filename="Lobby/Handler_TableInfo.cpp" />
		<Unit filename="Lobby/Handler_WRankInfo.cpp" />
		<Unit filename="Lobby/LobbyFactory.cpp" />
		<Unit filename="Lobby/LobbyFactory.h" />
		<Unit filename="Lobby/LobbyMain.cpp" />
		<Unit filename="Lobby/LobbyServer.cpp" />
		<Unit filename="Lobby/LobbyServer.h" />
		<Unit filename="Lobby/LobbyUpdate.h" />
		<Unit filename="Lobby/LobbyUpdate_ANC.cpp" />
		<Unit filename="Lobby/LobbyUpdate_Base.cpp" />
		<Unit filename="Lobby/LobbyUpdate_Json.cpp" />
		<Unit filename="Lobby/LobbyUpdate_Query.cpp" />
		<Unit filename="Lobby/LobbyUpdate_REQ.cpp" />
		<Unit filename="Lobby/LobbyUser.cpp" />
		<Unit filename="Lobby/LobbyUser.h" />
		<Unit filename="Lobby/PacketHandler.cpp" />
		<Unit filename="Lobby/PacketHandler.h" />
		<Unit filename="Lobby/ServerSession.cpp" />
		<Unit filename="Lobby/ServerSession.h" />
		<Unit filename="Lobby/TempSession.cpp" />
		<Unit filename="Lobby/TempSession.h" />
		<Unit filename="Logger/Handler_Module.h" />
		<Unit filename="Logger/LoggerFactory.cpp" />
		<Unit filename="Logger/LoggerFactory.h" />
		<Unit filename="Logger/LoggerMain.cpp" />
		<Unit filename="Logger/LoggerServer.cpp" />
		<Unit filename="Logger/LoggerServer.h" />
		<Unit filename="Logger/PacketHandler.cpp" />
		<Unit filename="Logger/PacketHandler.h" />
		<Unit filename="Logger/ServerSession.cpp" />
		<Unit filename="Logger/ServerSession.h" />
		<Unit filename="Logger/TempSession.cpp" />
		<Unit filename="Logger/TempSession.h" />
		<Unit filename="Login/DBSession.cpp" />
		<Unit filename="Login/DBSession.h" />
		<Unit filename="Login/Handler_Module.h" />
		<Unit filename="Login/Handler_PreLogin.cpp" />
		<Unit filename="Login/LoginFactory.cpp" />
		<Unit filename="Login/LoginFactory.h" />
		<Unit filename="Login/LoginMain.cpp" />
		<Unit filename="Login/LoginServer.cpp" />
		<Unit filename="Login/LoginServer.h" />
		<Unit filename="Login/PacketHandler.cpp" />
		<Unit filename="Login/PacketHandler.h" />
		<Unit filename="Login/ServerSession.cpp" />
		<Unit filename="Login/ServerSession.h" />
		<Unit filename="Login/UserSession.cpp" />
		<Unit filename="Login/UserSession.h" />
		<Unit filename="Network/Acceptor.cpp" />
		<Unit filename="Network/Acceptor.h" />
		<Unit filename="Network/Connector.cpp" />
		<Unit filename="Network/Connector.h" />
		<Unit filename="Network/IOCPServer.cpp" />
		<Unit filename="Network/IOCPServer.h" />
		<Unit filename="Network/Network.h" />
		<Unit filename="Network/NetworkObject.cpp" />
		<Unit filename="Network/NetworkObject.h" />
		<Unit filename="Network/RecvBuffer.h" />
		<Unit filename="Network/SendBuffer.h" />
		<Unit filename="Network/Session.cpp" />
		<Unit filename="Network/Session.h" />
		<Unit filename="Network/SessionList.cpp" />
		<Unit filename="Network/SessionList.h" />
		<Unit filename="Network/SessionPool.cpp" />
		<Unit filename="Network/SessionPool.h" />
		<Unit filename="Network/SocketOpt.cpp" />
		<Unit filename="Network/SocketOpt.h" />
		<Unit filename="Network/SyncHandler.cpp" />
		<Unit filename="Network/SyncHandler.h" />
		<Unit filename="Public/AgentInfo.cpp" />
		<Unit filename="Public/AgentInfo.h" />
		<Unit filename="Public/InfoParser.cpp" />
		<Unit filename="Public/InfoParser.h" />
		<Unit filename="Public/JsonParser.cpp" />
		<Unit filename="Public/JsonParser.h" />
		<Unit filename="Public/MsgBuff.cpp" />
		<Unit filename="Public/MsgBuff.h" />
		<Unit filename="Public/MsgProcess.cpp" />
		<Unit filename="Public/MsgProcess.h" />
		<Unit filename="Public/PlayerGoods.cpp" />
		<Unit filename="Public/PlayerGoods.h" />
		<Unit filename="Public/PlayerTasks.cpp" />
		<Unit filename="Public/PlayerTasks.h" />
		<Unit filename="Public/Public.h" />
		<Unit filename="Public/Yond_drng.cpp" />
		<Unit filename="Public/Yond_drng.h" />
		<Unit filename="Public/Yond_json.cpp" />
		<Unit filename="Public/Yond_json.h" />
		<Unit filename="Public/Yond_md5.cpp" />
		<Unit filename="Public/Yond_md5.h" />
		<Unit filename="Public/Yond_string.cpp" />
		<Unit filename="Public/Yond_string.h" />
		<Unit filename="Utility/Double_List_T.h" />
		<Unit filename="Utility/FunctionMap.hpp" />
		<Unit filename="Utility/Linkedlist.h" />
		<Unit filename="Utility/MemoryFactory.hpp" />
		<Unit filename="Utility/ObjKeyGenerator.cpp" />
		<Unit filename="Utility/ObjKeyGenerator.h" />
		<Unit filename="Utility/PublicObject.cpp" />
		<Unit filename="Utility/PublicObject.h" />
		<Unit filename="Utility/Single_List_T.h" />
		<Unit filename="Utility/Singleton.hpp" />
		<Unit filename="Utility/SolarHashTable.h" />
		<Unit filename="Utility/SysLog.cpp" />
		<Unit filename="Utility/SysLog.h" />
		<Unit filename="Utility/Utility.h" />
		<Unit filename="Utility/Yond_ini.cpp" />
		<Unit filename="Utility/Yond_ini.h" />
		<Unit filename="Utility/Yond_log.cpp" />
		<Unit filename="Utility/Yond_log.h" />
		<Unit filename="Utility/Yond_mutex.cpp" />
		<Unit filename="Utility/Yond_mutex.h" />
		<Unit filename="Utility/Yond_thread.cpp" />
		<Unit filename="Utility/Yond_thread.h" />
		<Unit filename="Utility/Yond_thread_pool.cpp" />
		<Unit filename="Utility/Yond_thread_pool.h" />
		<Extensions>
			<code_completion />
			<envvars />
			<debugger />
			<lib_finder disable_auto="1" />
		</Extensions>
	</Project>
</CodeBlocks_project_file>
